{
  "version": 4,
  "terraform_version": "1.4.6",
  "serial": 6,
  "lineage": "81f7671c-8f77-b49d-25b1-849a2a4752df",
  "outputs": {},
  "resources": [
    {
      "mode": "managed",
      "type": "google_container_cluster",
      "name": "my_cluster",
      "provider": "provider[\"registry.terraform.io/hashicorp/google\"]",
      "instances": [
        {
          "schema_version": 2,
          "attributes": {
            "addons_config": [
              {
                "cloudrun_config": [],
                "config_connector_config": [],
                "dns_cache_config": [],
                "gce_persistent_disk_csi_driver_config": [
                  {
                    "enabled": true
                  }
                ],
                "gcp_filestore_csi_driver_config": [],
                "gcs_fuse_csi_driver_config": [],
                "gke_backup_agent_config": [],
                "horizontal_pod_autoscaling": [],
                "http_load_balancing": [],
                "network_policy_config": [
                  {
                    "disabled": true
                  }
                ]
              }
            ],
            "allow_net_admin": null,
            "authenticator_groups_config": [],
            "binary_authorization": [
              {
                "enabled": false,
                "evaluation_mode": ""
              }
            ],
            "cluster_autoscaling": [
              {
                "auto_provisioning_defaults": [],
                "autoscaling_profile": "BALANCED",
                "enabled": false,
                "resource_limits": []
              }
            ],
            "cluster_ipv4_cidr": "10.48.0.0/14",
            "confidential_nodes": [],
            "cost_management_config": [],
            "database_encryption": [
              {
                "key_name": "",
                "state": "DECRYPTED"
              }
            ],
            "datapath_provider": "",
            "default_max_pods_per_node": 110,
            "default_snat_status": [
              {
                "disabled": false
              }
            ],
            "deletion_protection": true,
            "description": "",
            "dns_config": [],
            "enable_autopilot": false,
            "enable_intranode_visibility": false,
            "enable_k8s_beta_apis": [],
            "enable_kubernetes_alpha": false,
            "enable_l4_ilb_subsetting": false,
            "enable_legacy_abac": false,
            "enable_shielded_nodes": true,
            "enable_tpu": false,
            "endpoint": "34.133.155.205",
            "fleet": [],
            "gateway_api_config": [],
            "id": "projects/umbrella-mi/locations/us-central1/clusters/umbrella-cluster",
            "identity_service_config": [],
            "initial_node_count": 0,
            "ip_allocation_policy": [
              {
                "additional_pod_ranges_config": [],
                "cluster_ipv4_cidr_block": "10.48.0.0/14",
                "cluster_secondary_range_name": "gke-umbrella-cluster-pods-c110bbde",
                "pod_cidr_overprovision_config": [
                  {
                    "disabled": false
                  }
                ],
                "services_ipv4_cidr_block": "10.52.0.0/20",
                "services_secondary_range_name": "gke-umbrella-cluster-services-c110bbde",
                "stack_type": "IPV4"
              }
            ],
            "label_fingerprint": "a9dc16a7",
            "location": "us-central1",
            "logging_config": [
              {
                "enable_components": [
                  "SYSTEM_COMPONENTS",
                  "WORKLOADS"
                ]
              }
            ],
            "logging_service": "logging.googleapis.com/kubernetes",
            "maintenance_policy": [],
            "master_auth": [
              {
                "client_certificate": "",
                "client_certificate_config": [
                  {
                    "issue_client_certificate": false
                  }
                ],
                "client_key": "",
                "cluster_ca_certificate": "LS0tLS1CRUdJTiBDRVJUSUZJQ0FURS0tLS0tCk1JSUVMVENDQXBXZ0F3SUJBZ0lSQUp0eEw0bnZaWmh2MEtnMVFBemlQYzB3RFFZSktvWklodmNOQVFFTEJRQXcKTHpFdE1Dc0dBMVVFQXhNa05qVTJNV00wTW1NdE5qUmtNaTAwWVRnNExXRmlNVEV0WkdWbVptTTBaamd4TnpsaQpNQ0FYRFRJME1ESXhPVEU0TURJMU5Wb1lEekl3TlRRd01qRXhNVGt3TWpVMVdqQXZNUzB3S3dZRFZRUURFeVEyCk5UWXhZelF5WXkwMk5HUXlMVFJoT0RndFlXSXhNUzFrWldabVl6Um1PREUzT1dJd2dnR2lNQTBHQ1NxR1NJYjMKRFFFQkFRVUFBNElCandBd2dnR0tBb0lCZ1FDbmd2UmRGRHY3OFlwVEZDNjREVThyRmNUZEJmUjNhc1Bvd0F2dgo3dEZqNCtrQk5KUE9tQkE3ak1YbmNLemZJNHM2MytmYlV2emlLWGtMMzV3Qmx3WnozOFZVekRYcjMwenF4OWNYCmpFOWJWeTlnc1VXYlljSEpNQk5Jd1Bib0U0TDdVNnI0QkhFT2RESXpWTmIreXNqK0UyMlpIb2l1QzNXUzFHK2sKK0tNNTNXWHZkM2RocHZvbXlkRzVPeGc2SVFkL3VqOFh3Qk42YWhaN3d4UytySVNnQ1pncERYT2hSNkhROXYzMAovRWg1eGJtVEdid3JWcTVXT3NwSmdkRlp1eUdVRTBBa25wWjNpU0NOU1UvcEp2UTRZaWROWjVVVWZ6Y2R2SCtICkM4L2hEMTZBWEpTbDFkd0F4TUlJS29hWklybUM5bnFTOHE3K2dWVmtXRGF6U0xEK0hiMXNVTTNqNGwwK2Job3AKZjhxUDdraHNrc1JjaXE1dW5FUS94enR0ZU1UVHJCY21DYkl0MjV1VWt6ZEQrQWFveTJEVnQxbnQwRHlUWlJrYwpSSXQ4akt2bVc3Y2J5TnFMTUlhYnJsaTYvUUdHcFplU3k5L2QraWVYUGxNVGNHalVlU1VFdHkrbmJhaFh4S2ExCkd5OG5IMU5KUVhiMlM2d1o0bldVWEdQMlQ2VUNBd0VBQWFOQ01FQXdEZ1lEVlIwUEFRSC9CQVFEQWdJRU1BOEcKQTFVZEV3RUIvd1FGTUFNQkFmOHdIUVlEVlIwT0JCWUVGT2JrSW5vZnRuVDRONzRmbXhrRUVWMjFuMlNqTUEwRwpDU3FHU0liM0RRRUJDd1VBQTRJQmdRQ1BGSnVwSWFSMVE5eDBDeWFydVhCWEZONm5WYkJpUnlmM3JHWlVFbVJKCnVUUWpVclFyYW12OFRpY1c0MnJOUWtuaW1qR0I3bXVZdlUvR3UrQktVRnJOcFVBNWJGeXBrK25DUStOaUVocmcKNGFhSHFLNlRnaG5hRFNzR2ZVTVAva3ROY0hoLzc4TndRaDIzY3J5WWFuZ1p0L0JOREFjMVlqZVM0OXJ5M2tkcgpyWTh0cDJJT2I1eXVLODlLYUVLcVNiLzg0RzkyK01Ic3Z4TVFFdENUNGMxQ2JWZTVwYlVONW1sV29Cb0lZUXA5CjEvclgzT1B6aTgvb29CNXVzL0NuUW9LVkVzdmtZcmZmTWZvUnZVMEdRU2YzdHZ6a2pkckVSQkorSTUrRXlxYlMKTnR5UklaekZqR3hNWTY1WEsxMjVWTWtDdlNEV0FBQmx5SS9rWE5EQU11TXZaZVU1dCtxS1k1RzdjZlhJaWRHdQoyN3p5WnNxUFd3bVZ1VTBRNTRFK0E2NnRLaTlxMTYxUTRITUN2TmRIem1VMlhxMUVaUDU1aGJMSU5OQytYNjFpCjFLVFhpVjg0VXFoWHB4cHVSelVNOTlqaEtIaTNEYitsVHdzRjB6cWpMVTJTRGVMZ1RkbEo1Z2JCVmlSVW04OHAKWUY2SjlrQm0yT1dhTXhVMStkRm9WK1k9Ci0tLS0tRU5EIENFUlRJRklDQVRFLS0tLS0K"
              }
            ],
            "master_authorized_networks_config": [],
            "master_version": "1.27.8-gke.1067004",
            "mesh_certificates": [],
            "min_master_version": null,
            "monitoring_config": [
              {
                "advanced_datapath_observability_config": [
                  {
                    "enable_metrics": false,
                    "relay_mode": ""
                  }
                ],
                "enable_components": [
                  "SYSTEM_COMPONENTS"
                ],
                "managed_prometheus": [
                  {
                    "enabled": true
                  }
                ]
              }
            ],
            "monitoring_service": "monitoring.googleapis.com/kubernetes",
            "name": "umbrella-cluster",
            "network": "projects/umbrella-mi/global/networks/default",
            "network_policy": [
              {
                "enabled": false,
                "provider": "PROVIDER_UNSPECIFIED"
              }
            ],
            "networking_mode": "VPC_NATIVE",
            "node_config": [
              {
                "advanced_machine_features": [],
                "boot_disk_kms_key": "",
                "confidential_nodes": [],
                "disk_size_gb": 100,
                "disk_type": "pd-balanced",
                "effective_taints": [],
                "ephemeral_storage_local_ssd_config": [],
                "fast_socket": [],
                "gcfs_config": [],
                "guest_accelerator": [],
                "gvnic": [],
                "host_maintenance_policy": [],
                "image_type": "COS_CONTAINERD",
                "kubelet_config": [],
                "labels": {},
                "linux_node_config": [],
                "local_nvme_ssd_block_config": [],
                "local_ssd_count": 0,
                "logging_variant": "DEFAULT",
                "machine_type": "e2-medium",
                "metadata": {
                  "disable-legacy-endpoints": "true"
                },
                "min_cpu_platform": "",
                "node_group": "",
                "oauth_scopes": [
                  "https://www.googleapis.com/auth/devstorage.read_only",
                  "https://www.googleapis.com/auth/logging.write",
                  "https://www.googleapis.com/auth/monitoring",
                  "https://www.googleapis.com/auth/service.management.readonly",
                  "https://www.googleapis.com/auth/servicecontrol",
                  "https://www.googleapis.com/auth/trace.append"
                ],
                "preemptible": false,
                "reservation_affinity": [],
                "resource_labels": {},
                "service_account": "default",
                "shielded_instance_config": [
                  {
                    "enable_integrity_monitoring": true,
                    "enable_secure_boot": false
                  }
                ],
                "sole_tenant_config": [],
                "spot": false,
                "tags": [],
                "taint": [],
                "workload_metadata_config": []
              }
            ],
            "node_locations": [
              "us-central1-a",
              "us-central1-c",
              "us-central1-f"
            ],
            "node_pool": [
              {
                "autoscaling": [],
                "initial_node_count": 1,
                "instance_group_urls": [
                  "https://www.googleapis.com/compute/v1/projects/umbrella-mi/zones/us-central1-a/instanceGroupManagers/gke-umbrella-cluster-default-pool-ccb210b7-grp",
                  "https://www.googleapis.com/compute/v1/projects/umbrella-mi/zones/us-central1-c/instanceGroupManagers/gke-umbrella-cluster-default-pool-5235b9ae-grp",
                  "https://www.googleapis.com/compute/v1/projects/umbrella-mi/zones/us-central1-f/instanceGroupManagers/gke-umbrella-cluster-default-pool-d7c6b324-grp"
                ],
                "managed_instance_group_urls": [
                  "https://www.googleapis.com/compute/v1/projects/umbrella-mi/zones/us-central1-a/instanceGroups/gke-umbrella-cluster-default-pool-ccb210b7-grp",
                  "https://www.googleapis.com/compute/v1/projects/umbrella-mi/zones/us-central1-c/instanceGroups/gke-umbrella-cluster-default-pool-5235b9ae-grp",
                  "https://www.googleapis.com/compute/v1/projects/umbrella-mi/zones/us-central1-f/instanceGroups/gke-umbrella-cluster-default-pool-d7c6b324-grp"
                ],
                "management": [
                  {
                    "auto_repair": true,
                    "auto_upgrade": true
                  }
                ],
                "max_pods_per_node": 110,
                "name": "default-pool",
                "name_prefix": "",
                "network_config": [
                  {
                    "create_pod_range": false,
                    "enable_private_nodes": false,
                    "network_performance_config": [],
                    "pod_cidr_overprovision_config": [],
                    "pod_ipv4_cidr_block": "10.48.0.0/14",
                    "pod_range": "gke-umbrella-cluster-pods-c110bbde"
                  }
                ],
                "node_config": [
                  {
                    "advanced_machine_features": [],
                    "boot_disk_kms_key": "",
                    "confidential_nodes": [],
                    "disk_size_gb": 100,
                    "disk_type": "pd-balanced",
                    "effective_taints": [],
                    "ephemeral_storage_local_ssd_config": [],
                    "fast_socket": [],
                    "gcfs_config": [],
                    "guest_accelerator": [],
                    "gvnic": [],
                    "host_maintenance_policy": [],
                    "image_type": "COS_CONTAINERD",
                    "kubelet_config": [],
                    "labels": {},
                    "linux_node_config": [],
                    "local_nvme_ssd_block_config": [],
                    "local_ssd_count": 0,
                    "logging_variant": "DEFAULT",
                    "machine_type": "e2-medium",
                    "metadata": {
                      "disable-legacy-endpoints": "true"
                    },
                    "min_cpu_platform": "",
                    "node_group": "",
                    "oauth_scopes": [
                      "https://www.googleapis.com/auth/devstorage.read_only",
                      "https://www.googleapis.com/auth/logging.write",
                      "https://www.googleapis.com/auth/monitoring",
                      "https://www.googleapis.com/auth/service.management.readonly",
                      "https://www.googleapis.com/auth/servicecontrol",
                      "https://www.googleapis.com/auth/trace.append"
                    ],
                    "preemptible": false,
                    "reservation_affinity": [],
                    "resource_labels": {},
                    "service_account": "default",
                    "shielded_instance_config": [
                      {
                        "enable_integrity_monitoring": true,
                        "enable_secure_boot": false
                      }
                    ],
                    "sole_tenant_config": [],
                    "spot": false,
                    "tags": [],
                    "taint": [],
                    "workload_metadata_config": []
                  }
                ],
                "node_count": 1,
                "node_locations": [
                  "us-central1-a",
                  "us-central1-c",
                  "us-central1-f"
                ],
                "placement_policy": [],
                "upgrade_settings": [
                  {
                    "blue_green_settings": [],
                    "max_surge": 1,
                    "max_unavailable": 0,
                    "strategy": "SURGE"
                  }
                ],
                "version": "1.27.8-gke.1067004"
              }
            ],
            "node_pool_auto_config": [],
            "node_pool_defaults": [
              {
                "node_config_defaults": [
                  {
                    "logging_variant": "DEFAULT"
                  }
                ]
              }
            ],
            "node_version": "1.27.8-gke.1067004",
            "notification_config": [
              {
                "pubsub": [
                  {
                    "enabled": false,
                    "filter": [],
                    "topic": ""
                  }
                ]
              }
            ],
            "operation": null,
            "private_cluster_config": [
              {
                "enable_private_endpoint": false,
                "enable_private_nodes": false,
                "master_global_access_config": [
                  {
                    "enabled": false
                  }
                ],
                "master_ipv4_cidr_block": "",
                "peering_name": "",
                "private_endpoint": "10.128.0.2",
                "private_endpoint_subnetwork": "",
                "public_endpoint": "34.133.155.205"
              }
            ],
            "private_ipv6_google_access": "",
            "project": "umbrella-mi",
            "release_channel": [
              {
                "channel": "REGULAR"
              }
            ],
            "remove_default_node_pool": null,
            "resource_labels": {},
            "resource_usage_export_config": [],
            "security_posture_config": [
              {
                "mode": "BASIC",
                "vulnerability_mode": "VULNERABILITY_MODE_UNSPECIFIED"
              }
            ],
            "self_link": "https://container.googleapis.com/v1/projects/umbrella-mi/locations/us-central1/clusters/umbrella-cluster",
            "service_external_ips_config": [
              {
                "enabled": false
              }
            ],
            "services_ipv4_cidr": "10.52.0.0/20",
            "subnetwork": "projects/umbrella-mi/regions/us-central1/subnetworks/default",
            "timeouts": null,
            "tpu_ipv4_cidr_block": "",
            "vertical_pod_autoscaling": [],
            "workload_identity_config": []
          },
          "sensitive_attributes": [],
          "private": "eyJlMmJmYjczMC1lY2FhLTExZTYtOGY4OC0zNDM2M2JjN2M0YzAiOnsiY3JlYXRlIjoyNDAwMDAwMDAwMDAwLCJkZWxldGUiOjI0MDAwMDAwMDAwMDAsInJlYWQiOjI0MDAwMDAwMDAwMDAsInVwZGF0ZSI6MzYwMDAwMDAwMDAwMH0sInNjaGVtYV92ZXJzaW9uIjoiMiJ9"
        }
      ]
    },
    {
      "mode": "managed",
      "type": "kubernetes_namespace",
      "name": "kafka_namespace",
      "provider": "provider[\"registry.terraform.io/hashicorp/kubernetes\"]",
      "instances": [
        {
          "schema_version": 0,
          "attributes": {
            "id": "kafka",
            "metadata": [
              {
                "annotations": null,
                "generate_name": "",
                "generation": 0,
                "labels": null,
                "name": "kafka",
                "resource_version": "49382",
                "uid": "9c5f1fed-50ae-470c-afad-21303bd28cac"
              }
            ],
            "timeouts": null,
            "wait_for_default_service_account": false
          },
          "sensitive_attributes": [],
          "private": "eyJlMmJmYjczMC1lY2FhLTExZTYtOGY4OC0zNDM2M2JjN2M0YzAiOnsiZGVsZXRlIjozMDAwMDAwMDAwMDB9fQ=="
        }
      ]
    }
  ],
  "check_results": null
}
